
Microsoft Visual Studio Solution File, Format Version 12.00
# Visual Studio 14
VisualStudioVersion = 14.0.25420.1
MinimumVisualStudioVersion = 10.0.40219.1
Project("{2150E333-8FDC-42A3-9474-1A3956D46DE8}") = "Apps", "Apps", "{02F0F3A9-C14D-4345-A9DC-3A6E8B62D455}"
EndProject
Project("{FAE04EC0-301F-11D3-BF4B-00C04F79EFBC}") = "ProvisioningApp", "Apps\ProvisioningApp.csproj", "{42545A24-D92D-4274-8622-D94E472C0B64}"
EndProject
Project("{2150E333-8FDC-42A3-9474-1A3956D46DE8}") = "Clients", "Clients", "{6BB4934C-7C46-484B-BFB8-681965536B4C}"
EndProject
Project("{2150E333-8FDC-42A3-9474-1A3956D46DE8}") = "WPF", "WPF", "{1CA4988C-AB2C-4E9F-B9E9-7016BEC6B6D0}"
EndProject
Project("{FAE04EC0-301F-11D3-BF4B-00C04F79EFBC}") = "Provisioning.Client.Library", "Clients\WPF\Austal.Provisioning.Library\Provisioning.Client.Library.csproj", "{3F295013-06EA-4901-99AF-BAA5B491C621}"
EndProject
Project("{FAE04EC0-301F-11D3-BF4B-00C04F79EFBC}") = "Provisioning.Client.WPF", "Clients\WPF\Austal.CPort.Provision.UI\Provisioning.Client.WPF.csproj", "{642154F8-BA3D-4087-A104-793E4B809D3B}"
EndProject
Global
	GlobalSection(SolutionConfigurationPlatforms) = preSolution
		Debug|Any CPU = Debug|Any CPU
		Dev|Any CPU = Dev|Any CPU
		Release|Any CPU = Release|Any CPU
		Test|Any CPU = Test|Any CPU
	EndGlobalSection
	GlobalSection(ProjectConfigurationPlatforms) = postSolution
		{42545A24-D92D-4274-8622-D94E472C0B64}.Debug|Any CPU.ActiveCfg = Debug|Any CPU
		{42545A24-D92D-4274-8622-D94E472C0B64}.Debug|Any CPU.Build.0 = Debug|Any CPU
		{42545A24-D92D-4274-8622-D94E472C0B64}.Debug|Any CPU.Deploy.0 = Debug|Any CPU
		{42545A24-D92D-4274-8622-D94E472C0B64}.Dev|Any CPU.ActiveCfg = Debug|Any CPU
		{42545A24-D92D-4274-8622-D94E472C0B64}.Dev|Any CPU.Build.0 = Debug|Any CPU
		{42545A24-D92D-4274-8622-D94E472C0B64}.Dev|Any CPU.Deploy.0 = Debug|Any CPU
		{42545A24-D92D-4274-8622-D94E472C0B64}.Release|Any CPU.ActiveCfg = Release|Any CPU
		{42545A24-D92D-4274-8622-D94E472C0B64}.Release|Any CPU.Build.0 = Release|Any CPU
		{42545A24-D92D-4274-8622-D94E472C0B64}.Release|Any CPU.Deploy.0 = Release|Any CPU
		{42545A24-D92D-4274-8622-D94E472C0B64}.Test|Any CPU.ActiveCfg = Release|Any CPU
		{42545A24-D92D-4274-8622-D94E472C0B64}.Test|Any CPU.Build.0 = Release|Any CPU
		{42545A24-D92D-4274-8622-D94E472C0B64}.Test|Any CPU.Deploy.0 = Release|Any CPU
		{3F295013-06EA-4901-99AF-BAA5B491C621}.Debug|Any CPU.ActiveCfg = Debug|Any CPU
		{3F295013-06EA-4901-99AF-BAA5B491C621}.Debug|Any CPU.Build.0 = Debug|Any CPU
		{3F295013-06EA-4901-99AF-BAA5B491C621}.Dev|Any CPU.ActiveCfg = Dev|Any CPU
		{3F295013-06EA-4901-99AF-BAA5B491C621}.Dev|Any CPU.Build.0 = Dev|Any CPU
		{3F295013-06EA-4901-99AF-BAA5B491C621}.Release|Any CPU.ActiveCfg = Release|Any CPU
		{3F295013-06EA-4901-99AF-BAA5B491C621}.Release|Any CPU.Build.0 = Release|Any CPU
		{3F295013-06EA-4901-99AF-BAA5B491C621}.Test|Any CPU.ActiveCfg = Test|Any CPU
		{3F295013-06EA-4901-99AF-BAA5B491C621}.Test|Any CPU.Build.0 = Test|Any CPU
		{642154F8-BA3D-4087-A104-793E4B809D3B}.Debug|Any CPU.ActiveCfg = Debug|Any CPU
		{642154F8-BA3D-4087-A104-793E4B809D3B}.Debug|Any CPU.Build.0 = Debug|Any CPU
		{642154F8-BA3D-4087-A104-793E4B809D3B}.Dev|Any CPU.ActiveCfg = Dev|Any CPU
		{642154F8-BA3D-4087-A104-793E4B809D3B}.Dev|Any CPU.Build.0 = Dev|Any CPU
		{642154F8-BA3D-4087-A104-793E4B809D3B}.Release|Any CPU.ActiveCfg = Release|Any CPU
		{642154F8-BA3D-4087-A104-793E4B809D3B}.Release|Any CPU.Build.0 = Release|Any CPU
		{642154F8-BA3D-4087-A104-793E4B809D3B}.Test|Any CPU.ActiveCfg = Test|Any CPU
		{642154F8-BA3D-4087-A104-793E4B809D3B}.Test|Any CPU.Build.0 = Test|Any CPU
	EndGlobalSection
	GlobalSection(SolutionProperties) = preSolution
		HideSolutionNode = FALSE
	EndGlobalSection
	GlobalSection(NestedProjects) = preSolution
		{42545A24-D92D-4274-8622-D94E472C0B64} = {02F0F3A9-C14D-4345-A9DC-3A6E8B62D455}
		{1CA4988C-AB2C-4E9F-B9E9-7016BEC6B6D0} = {6BB4934C-7C46-484B-BFB8-681965536B4C}
		{3F295013-06EA-4901-99AF-BAA5B491C621} = {1CA4988C-AB2C-4E9F-B9E9-7016BEC6B6D0}
		{642154F8-BA3D-4087-A104-793E4B809D3B} = {1CA4988C-AB2C-4E9F-B9E9-7016BEC6B6D0}
	EndGlobalSection
EndGlobal
